
Microsoft Visual Studio Solution File, Format Version 12.00
# Visual Studio Version 16
VisualStudioVersion = 16.0.30104.148
MinimumVisualStudioVersion = 10.0.40219.1
Project("{8BC9CEB8-8B4A-11D0-8D11-00A0C91BC942}") = "roco", "roco\roco.vcxproj", "{8B8C00AD-0117-4C88-B4D7-049180CE5B5B}"
EndProject
Project("{2150E333-8FDC-42A3-9474-1A3956D46DE8}") = "unit_test", "unit_test", "{AB0351BC-312B-485B-8140-DF8531877D09}"
EndProject
Project("{2150E333-8FDC-42A3-9474-1A3956D46DE8}") = "test", "test", "{2116B96E-ED89-4BC1-91D2-4BA0460B006E}"
EndProject
Project("{8BC9CEB8-8B4A-11D0-8D11-00A0C91BC942}") = "assert_test", "test\assert_test\assert_test.vcxproj", "{71EF545E-44AF-4842-A4E9-813A98AF59ED}"
EndProject
Project("{8BC9CEB8-8B4A-11D0-8D11-00A0C91BC942}") = "parse_unit_test", "unit_test\parse_unit_test\parse_unit_test.vcxproj", "{8A355C98-555B-4659-9742-018C106B59E1}"
EndProject
Project("{8BC9CEB8-8B4A-11D0-8D11-00A0C91BC942}") = "utility_test", "test\utility_test\utility_test.vcxproj", "{43D259F6-2EE1-4F29-9392-CA0D032E889A}"
EndProject
Project("{8BC9CEB8-8B4A-11D0-8D11-00A0C91BC942}") = "parse_test", "test\parse_test\parse_test.vcxproj", "{6AC2645F-ED14-455B-8EE2-588669F91574}"
EndProject
Project("{8BC9CEB8-8B4A-11D0-8D11-00A0C91BC942}") = "codec_test", "test\codec_test\codec_test.vcxproj", "{798E174E-4B38-4A2B-B0A2-29D549718A85}"
EndProject
Project("{8BC9CEB8-8B4A-11D0-8D11-00A0C91BC942}") = "extension_unit_test", "unit_test\extension_unit_test\extension_unit_test.vcxproj", "{7FDE92CA-0218-4828-ABDF-1148DF1C8431}"
EndProject
Project("{8BC9CEB8-8B4A-11D0-8D11-00A0C91BC942}") = "FP_test", "test\FP_test\FP_test.vcxproj", "{F35E80E4-783D-40C2-992D-5D4C1DE833B1}"
EndProject
Project("{8BC9CEB8-8B4A-11D0-8D11-00A0C91BC942}") = "FP_unittest", "unit_test\FP_unittest\FP_unittest.vcxproj", "{BA2F27AE-7435-4CC7-A4FF-EB586FCF7069}"
EndProject
Project("{8BC9CEB8-8B4A-11D0-8D11-00A0C91BC942}") = "TMP_unittest", "unit_test\TMP_unittest\TMP_unittest.vcxproj", "{DE851317-3BDE-49C7-B03C-90CDACFD6C29}"
EndProject
Project("{8BC9CEB8-8B4A-11D0-8D11-00A0C91BC942}") = "boost_test", "unit_test\boost_test\boost_test.vcxproj", "{FD4B010A-F12B-4DD8-BB37-D1E2C66C901F}"
EndProject
Project("{8BC9CEB8-8B4A-11D0-8D11-00A0C91BC942}") = "utility_test", "unit_test\utility_test\utility_test.vcxproj", "{7B370398-1027-48C5-9001-2E81A5E2D478}"
EndProject
Project("{8BC9CEB8-8B4A-11D0-8D11-00A0C91BC942}") = "TMP_test", "test\TMP_test\TMP_test.vcxproj", "{D91737F7-9987-49D7-B52A-04760DF96A51}"
EndProject
Global
	GlobalSection(SolutionConfigurationPlatforms) = preSolution
		Debug|x64 = Debug|x64
		Debug|x86 = Debug|x86
		Release|x64 = Release|x64
		Release|x86 = Release|x86
	EndGlobalSection
	GlobalSection(ProjectConfigurationPlatforms) = postSolution
		{8B8C00AD-0117-4C88-B4D7-049180CE5B5B}.Debug|x64.ActiveCfg = Debug|x64
		{8B8C00AD-0117-4C88-B4D7-049180CE5B5B}.Debug|x64.Build.0 = Debug|x64
		{8B8C00AD-0117-4C88-B4D7-049180CE5B5B}.Debug|x86.ActiveCfg = Debug|Win32
		{8B8C00AD-0117-4C88-B4D7-049180CE5B5B}.Debug|x86.Build.0 = Debug|Win32
		{8B8C00AD-0117-4C88-B4D7-049180CE5B5B}.Release|x64.ActiveCfg = Release|x64
		{8B8C00AD-0117-4C88-B4D7-049180CE5B5B}.Release|x64.Build.0 = Release|x64
		{8B8C00AD-0117-4C88-B4D7-049180CE5B5B}.Release|x86.ActiveCfg = Release|Win32
		{8B8C00AD-0117-4C88-B4D7-049180CE5B5B}.Release|x86.Build.0 = Release|Win32
		{71EF545E-44AF-4842-A4E9-813A98AF59ED}.Debug|x64.ActiveCfg = Debug|x64
		{71EF545E-44AF-4842-A4E9-813A98AF59ED}.Debug|x64.Build.0 = Debug|x64
		{71EF545E-44AF-4842-A4E9-813A98AF59ED}.Debug|x86.ActiveCfg = Debug|Win32
		{71EF545E-44AF-4842-A4E9-813A98AF59ED}.Debug|x86.Build.0 = Debug|Win32
		{71EF545E-44AF-4842-A4E9-813A98AF59ED}.Release|x64.ActiveCfg = Release|x64
		{71EF545E-44AF-4842-A4E9-813A98AF59ED}.Release|x64.Build.0 = Release|x64
		{71EF545E-44AF-4842-A4E9-813A98AF59ED}.Release|x86.ActiveCfg = Release|Win32
		{71EF545E-44AF-4842-A4E9-813A98AF59ED}.Release|x86.Build.0 = Release|Win32
		{8A355C98-555B-4659-9742-018C106B59E1}.Debug|x64.ActiveCfg = Debug|x64
		{8A355C98-555B-4659-9742-018C106B59E1}.Debug|x64.Build.0 = Debug|x64
		{8A355C98-555B-4659-9742-018C106B59E1}.Debug|x86.ActiveCfg = Debug|Win32
		{8A355C98-555B-4659-9742-018C106B59E1}.Debug|x86.Build.0 = Debug|Win32
		{8A355C98-555B-4659-9742-018C106B59E1}.Release|x64.ActiveCfg = Release|x64
		{8A355C98-555B-4659-9742-018C106B59E1}.Release|x64.Build.0 = Release|x64
		{8A355C98-555B-4659-9742-018C106B59E1}.Release|x86.ActiveCfg = Release|Win32
		{8A355C98-555B-4659-9742-018C106B59E1}.Release|x86.Build.0 = Release|Win32
		{43D259F6-2EE1-4F29-9392-CA0D032E889A}.Debug|x64.ActiveCfg = Debug|x64
		{43D259F6-2EE1-4F29-9392-CA0D032E889A}.Debug|x64.Build.0 = Debug|x64
		{43D259F6-2EE1-4F29-9392-CA0D032E889A}.Debug|x86.ActiveCfg = Debug|Win32
		{43D259F6-2EE1-4F29-9392-CA0D032E889A}.Debug|x86.Build.0 = Debug|Win32
		{43D259F6-2EE1-4F29-9392-CA0D032E889A}.Release|x64.ActiveCfg = Release|x64
		{43D259F6-2EE1-4F29-9392-CA0D032E889A}.Release|x64.Build.0 = Release|x64
		{43D259F6-2EE1-4F29-9392-CA0D032E889A}.Release|x86.ActiveCfg = Release|Win32
		{43D259F6-2EE1-4F29-9392-CA0D032E889A}.Release|x86.Build.0 = Release|Win32
		{6AC2645F-ED14-455B-8EE2-588669F91574}.Debug|x64.ActiveCfg = Debug|x64
		{6AC2645F-ED14-455B-8EE2-588669F91574}.Debug|x64.Build.0 = Debug|x64
		{6AC2645F-ED14-455B-8EE2-588669F91574}.Debug|x86.ActiveCfg = Debug|Win32
		{6AC2645F-ED14-455B-8EE2-588669F91574}.Debug|x86.Build.0 = Debug|Win32
		{6AC2645F-ED14-455B-8EE2-588669F91574}.Release|x64.ActiveCfg = Release|x64
		{6AC2645F-ED14-455B-8EE2-588669F91574}.Release|x64.Build.0 = Release|x64
		{6AC2645F-ED14-455B-8EE2-588669F91574}.Release|x86.ActiveCfg = Release|Win32
		{6AC2645F-ED14-455B-8EE2-588669F91574}.Release|x86.Build.0 = Release|Win32
		{798E174E-4B38-4A2B-B0A2-29D549718A85}.Debug|x64.ActiveCfg = Debug|x64
		{798E174E-4B38-4A2B-B0A2-29D549718A85}.Debug|x64.Build.0 = Debug|x64
		{798E174E-4B38-4A2B-B0A2-29D549718A85}.Debug|x86.ActiveCfg = Debug|Win32
		{798E174E-4B38-4A2B-B0A2-29D549718A85}.Debug|x86.Build.0 = Debug|Win32
		{798E174E-4B38-4A2B-B0A2-29D549718A85}.Release|x64.ActiveCfg = Release|x64
		{798E174E-4B38-4A2B-B0A2-29D549718A85}.Release|x64.Build.0 = Release|x64
		{798E174E-4B38-4A2B-B0A2-29D549718A85}.Release|x86.ActiveCfg = Release|Win32
		{798E174E-4B38-4A2B-B0A2-29D549718A85}.Release|x86.Build.0 = Release|Win32
		{7FDE92CA-0218-4828-ABDF-1148DF1C8431}.Debug|x64.ActiveCfg = Debug|x64
		{7FDE92CA-0218-4828-ABDF-1148DF1C8431}.Debug|x64.Build.0 = Debug|x64
		{7FDE92CA-0218-4828-ABDF-1148DF1C8431}.Debug|x86.ActiveCfg = Debug|Win32
		{7FDE92CA-0218-4828-ABDF-1148DF1C8431}.Debug|x86.Build.0 = Debug|Win32
		{7FDE92CA-0218-4828-ABDF-1148DF1C8431}.Release|x64.ActiveCfg = Release|x64
		{7FDE92CA-0218-4828-ABDF-1148DF1C8431}.Release|x64.Build.0 = Release|x64
		{7FDE92CA-0218-4828-ABDF-1148DF1C8431}.Release|x86.ActiveCfg = Release|Win32
		{7FDE92CA-0218-4828-ABDF-1148DF1C8431}.Release|x86.Build.0 = Release|Win32
		{F35E80E4-783D-40C2-992D-5D4C1DE833B1}.Debug|x64.ActiveCfg = Debug|x64
		{F35E80E4-783D-40C2-992D-5D4C1DE833B1}.Debug|x64.Build.0 = Debug|x64
		{F35E80E4-783D-40C2-992D-5D4C1DE833B1}.Debug|x86.ActiveCfg = Debug|Win32
		{F35E80E4-783D-40C2-992D-5D4C1DE833B1}.Debug|x86.Build.0 = Debug|Win32
		{F35E80E4-783D-40C2-992D-5D4C1DE833B1}.Release|x64.ActiveCfg = Release|x64
		{F35E80E4-783D-40C2-992D-5D4C1DE833B1}.Release|x64.Build.0 = Release|x64
		{F35E80E4-783D-40C2-992D-5D4C1DE833B1}.Release|x86.ActiveCfg = Release|Win32
		{F35E80E4-783D-40C2-992D-5D4C1DE833B1}.Release|x86.Build.0 = Release|Win32
		{BA2F27AE-7435-4CC7-A4FF-EB586FCF7069}.Debug|x64.ActiveCfg = Debug|x64
		{BA2F27AE-7435-4CC7-A4FF-EB586FCF7069}.Debug|x64.Build.0 = Debug|x64
		{BA2F27AE-7435-4CC7-A4FF-EB586FCF7069}.Debug|x86.ActiveCfg = Debug|Win32
		{BA2F27AE-7435-4CC7-A4FF-EB586FCF7069}.Debug|x86.Build.0 = Debug|Win32
		{BA2F27AE-7435-4CC7-A4FF-EB586FCF7069}.Release|x64.ActiveCfg = Release|x64
		{BA2F27AE-7435-4CC7-A4FF-EB586FCF7069}.Release|x64.Build.0 = Release|x64
		{BA2F27AE-7435-4CC7-A4FF-EB586FCF7069}.Release|x86.ActiveCfg = Release|Win32
		{BA2F27AE-7435-4CC7-A4FF-EB586FCF7069}.Release|x86.Build.0 = Release|Win32
		{DE851317-3BDE-49C7-B03C-90CDACFD6C29}.Debug|x64.ActiveCfg = Debug|x64
		{DE851317-3BDE-49C7-B03C-90CDACFD6C29}.Debug|x64.Build.0 = Debug|x64
		{DE851317-3BDE-49C7-B03C-90CDACFD6C29}.Debug|x86.ActiveCfg = Debug|Win32
		{DE851317-3BDE-49C7-B03C-90CDACFD6C29}.Debug|x86.Build.0 = Debug|Win32
		{DE851317-3BDE-49C7-B03C-90CDACFD6C29}.Release|x64.ActiveCfg = Release|x64
		{DE851317-3BDE-49C7-B03C-90CDACFD6C29}.Release|x64.Build.0 = Release|x64
		{DE851317-3BDE-49C7-B03C-90CDACFD6C29}.Release|x86.ActiveCfg = Release|Win32
		{DE851317-3BDE-49C7-B03C-90CDACFD6C29}.Release|x86.Build.0 = Release|Win32
		{FD4B010A-F12B-4DD8-BB37-D1E2C66C901F}.Debug|x64.ActiveCfg = Debug|x64
		{FD4B010A-F12B-4DD8-BB37-D1E2C66C901F}.Debug|x64.Build.0 = Debug|x64
		{FD4B010A-F12B-4DD8-BB37-D1E2C66C901F}.Debug|x86.ActiveCfg = Debug|Win32
		{FD4B010A-F12B-4DD8-BB37-D1E2C66C901F}.Debug|x86.Build.0 = Debug|Win32
		{FD4B010A-F12B-4DD8-BB37-D1E2C66C901F}.Release|x64.ActiveCfg = Release|x64
		{FD4B010A-F12B-4DD8-BB37-D1E2C66C901F}.Release|x64.Build.0 = Release|x64
		{FD4B010A-F12B-4DD8-BB37-D1E2C66C901F}.Release|x86.ActiveCfg = Release|Win32
		{FD4B010A-F12B-4DD8-BB37-D1E2C66C901F}.Release|x86.Build.0 = Release|Win32
		{7B370398-1027-48C5-9001-2E81A5E2D478}.Debug|x64.ActiveCfg = Debug|x64
		{7B370398-1027-48C5-9001-2E81A5E2D478}.Debug|x64.Build.0 = Debug|x64
		{7B370398-1027-48C5-9001-2E81A5E2D478}.Debug|x86.ActiveCfg = Debug|Win32
		{7B370398-1027-48C5-9001-2E81A5E2D478}.Debug|x86.Build.0 = Debug|Win32
		{7B370398-1027-48C5-9001-2E81A5E2D478}.Release|x64.ActiveCfg = Release|x64
		{7B370398-1027-48C5-9001-2E81A5E2D478}.Release|x64.Build.0 = Release|x64
		{7B370398-1027-48C5-9001-2E81A5E2D478}.Release|x86.ActiveCfg = Release|Win32
		{7B370398-1027-48C5-9001-2E81A5E2D478}.Release|x86.Build.0 = Release|Win32
		{D91737F7-9987-49D7-B52A-04760DF96A51}.Debug|x64.ActiveCfg = Debug|x64
		{D91737F7-9987-49D7-B52A-04760DF96A51}.Debug|x64.Build.0 = Debug|x64
		{D91737F7-9987-49D7-B52A-04760DF96A51}.Debug|x86.ActiveCfg = Debug|Win32
		{D91737F7-9987-49D7-B52A-04760DF96A51}.Debug|x86.Build.0 = Debug|Win32
		{D91737F7-9987-49D7-B52A-04760DF96A51}.Release|x64.ActiveCfg = Release|x64
		{D91737F7-9987-49D7-B52A-04760DF96A51}.Release|x64.Build.0 = Release|x64
		{D91737F7-9987-49D7-B52A-04760DF96A51}.Release|x86.ActiveCfg = Release|Win32
		{D91737F7-9987-49D7-B52A-04760DF96A51}.Release|x86.Build.0 = Release|Win32
	EndGlobalSection
	GlobalSection(SolutionProperties) = preSolution
		HideSolutionNode = FALSE
	EndGlobalSection
	GlobalSection(NestedProjects) = preSolution
		{71EF545E-44AF-4842-A4E9-813A98AF59ED} = {2116B96E-ED89-4BC1-91D2-4BA0460B006E}
		{8A355C98-555B-4659-9742-018C106B59E1} = {AB0351BC-312B-485B-8140-DF8531877D09}
		{43D259F6-2EE1-4F29-9392-CA0D032E889A} = {2116B96E-ED89-4BC1-91D2-4BA0460B006E}
		{6AC2645F-ED14-455B-8EE2-588669F91574} = {2116B96E-ED89-4BC1-91D2-4BA0460B006E}
		{798E174E-4B38-4A2B-B0A2-29D549718A85} = {2116B96E-ED89-4BC1-91D2-4BA0460B006E}
		{7FDE92CA-0218-4828-ABDF-1148DF1C8431} = {AB0351BC-312B-485B-8140-DF8531877D09}
		{F35E80E4-783D-40C2-992D-5D4C1DE833B1} = {2116B96E-ED89-4BC1-91D2-4BA0460B006E}
		{BA2F27AE-7435-4CC7-A4FF-EB586FCF7069} = {AB0351BC-312B-485B-8140-DF8531877D09}
		{DE851317-3BDE-49C7-B03C-90CDACFD6C29} = {AB0351BC-312B-485B-8140-DF8531877D09}
		{FD4B010A-F12B-4DD8-BB37-D1E2C66C901F} = {AB0351BC-312B-485B-8140-DF8531877D09}
		{7B370398-1027-48C5-9001-2E81A5E2D478} = {AB0351BC-312B-485B-8140-DF8531877D09}
		{D91737F7-9987-49D7-B52A-04760DF96A51} = {2116B96E-ED89-4BC1-91D2-4BA0460B006E}
	EndGlobalSection
	GlobalSection(ExtensibilityGlobals) = postSolution
		SolutionGuid = {49F0D21A-1FB8-48A3-A487-0EA0F94849D8}
	EndGlobalSection
EndGlobal
